PATH
  remote: .
  specs:
    factory_bot (6.6.0)
      activesupport (>= 7.2.0)
      zeitwerk (>= 2.6)

GEM
  remote: https://rubygems.org/
  specs:
    activemodel (8.1.4)
      activesupport (= 8.1.4)
    activerecord (8.1.4)
      activemodel (= 8.1.4)
      activesupport (= 8.1.4)
      timeout (>= 0.4.0)
    activesupport (8.1.4)
      base64
      bigdecimal
      concurrent-ruby (~> 1.0, >= 1.3.1)
      connection_pool (>= 2.2.5)
      drb
      i18n (>= 1.6, < 2)
      json
      logger (>= 1.4.2)
      minitest (>= 5.1)
      securerandom (>= 0.3)
      tzinfo (~> 2.0, >= 2.0.5)
      uri (>= 0.13.1)
    appraisal (2.5.0)
      bundler
      rake
      thor (>= 0.14.0)
    aruba (2.4.1)
      bundler (>= 1.17)
      contracts (>= 0.16.0, < 0.18.0)
      cucumber (>= 8.0, < 12.0)
      irb (~> 1.16)
      rspec-expectations (>= 3.4, < 5.0)
      thor (~> 1.0)
    ast (2.4.3)
    base64 (0.3.0)
    bigdecimal (4.1.3)
    builder (3.3.0)
    concurrent-ruby (1.3.8)
    connection_pool (3.0.2)
    contracts (0.17.3)
    cucumber (11.1.1)
      base64 (~> 0.2)
      builder (~> 3.2)
      cucumber-ci-environment (> 9, < 12)
      cucumber-core (>= 16.2.0, < 17)
      cucumber-cucumber-expressions (> 17, < 20)
      cucumber-html-formatter (> 21, < 24)
      diff-lcs (~> 1.5)
      logger (~> 1.6)
      mini_mime (~> 1.1)
      multi_test (~> 1.1)
      sys-uname (~> 1.5)
    cucumber-ci-environment (11.0.0)
    cucumber-core (16.2.0)
      cucumber-gherkin (> 36, < 40)
      cucumber-messages (> 31, < 33)
      cucumber-tag-expressions (> 6, < 9)
    cucumber-cucumber-expressions (19.0.1)
      bigdecimal
    cucumber-gherkin (39.1.0)
      cucumber-messages (>= 31, < 33)
    cucumber-html-formatter (23.1.0)
      cucumber-messages (> 23, < 33)
    cucumber-messages (32.3.1)
    cucumber-tag-expressions (8.1.0)
    diff-lcs (1.6.2)
    drb (2.2.3)
    erb (6.0.7)
    ffi (1.17.4-aarch64-linux-gnu)
    ffi (1.17.4-aarch64-linux-musl)
    ffi (1.17.4-arm-linux-gnu)
    ffi (1.17.4-arm-linux-musl)
    ffi (1.17.4-arm64-darwin)
    ffi (1.17.4-x86-linux-gnu)
    ffi (1.17.4-x86-linux-musl)
    ffi (1.17.4-x86_64-darwin)
    ffi (1.17.4-x86_64-linux-gnu)
    ffi (1.17.4-x86_64-linux-musl)
    i18n (1.15.2)
      concurrent-ruby (~> 1.0)
    io-console (0.9.4)
    irb (1.18.0)
      pp (>= 0.6.0)
      prism (>= 1.3.0)
      rdoc (>= 4.0.0)
      reline (>= 0.4.2)
    json (3.0.2)
    language_server-protocol (3.17.0.6)
    lint_roller (1.1.0)
    logger (1.7.0)
    memoist3 (1.0.0)
    mini_mime (1.1.5)
    minitest (6.0.6)
      drb (~> 2.0)
      prism (~> 1.5)
    multi_test (1.1.0)
    ostruct (0.6.3)
    parallel (2.3.0)
    parser (3.3.12.0)
      ast (~> 2.4.1)
      racc
    pp (0.6.4)
      prettyprint
    prettyprint (0.2.0)
    prism (1.9.0)
    racc (1.8.1)
    rainbow (3.1.1)
    rake (13.4.2)
    rbs (4.2.0)
      logger
      prism (>= 1.6.0)
      tsort
    rdoc (8.1.0)
      erb
      prism (>= 1.6.0)
      rbs (>= 4.0.0)
      tsort
    regexp_parser (2.13.1)
    reline (0.7.0)
      io-console (~> 0.5)
    rspec (3.13.2)
      rspec-core (~> 3.13.0)
      rspec-expectations (~> 3.13.0)
      rspec-mocks (~> 3.13.0)
    rspec-core (3.13.6)
      rspec-support (~> 3.13.0)
    rspec-expectations (3.13.5)
      diff-lcs (>= 1.2.0, < 2.0)
      rspec-support (~> 3.13.0)
    rspec-its (2.0.0)
      rspec-core (>= 3.13.0)
      rspec-expectations (>= 3.13.0)
    rspec-mocks (3.13.8)
      diff-lcs (>= 1.2.0, < 2.0)
      rspec-support (~> 3.13.0)
    rspec-support (3.13.7)
    rubocop (1.91.0)
      json (>= 2.3)
      language_server-protocol (~> 3.17.0.2)
      lint_roller (~> 1.1.0)
      parallel (>= 1.10)
      parser (>= 3.3.0.2)
      rainbow (>= 2.2.2, < 4.0)
      regexp_parser (>= 2.9.3, < 3.0)
      rubocop-ast (>= 1.49.0, < 2.0)
      ruby-progressbar (~> 1.7)
      unicode-display_width (>= 2.4.0, < 4.0)
    rubocop-ast (1.50.0)
      parser (>= 3.3.7.2)
      prism (~> 1.7)
    rubocop-performance (1.26.1)
      lint_roller (~> 1.1)
      rubocop (>= 1.75.0, < 2.0)
      rubocop-ast (>= 1.47.1, < 2.0)
    ruby-progressbar (1.13.0)
    securerandom (0.4.1)
    simplecov (1.3.2)
    sqlite3 (2.9.6-aarch64-linux-gnu)
    sqlite3 (2.9.6-aarch64-linux-musl)
    sqlite3 (2.9.6-arm-linux-gnu)
    sqlite3 (2.9.6-arm-linux-musl)
    sqlite3 (2.9.6-arm64-darwin)
    sqlite3 (2.9.6-x86-linux-gnu)
    sqlite3 (2.9.6-x86-linux-musl)
    sqlite3 (2.9.6-x86_64-darwin)
    sqlite3 (2.9.6-x86_64-linux-gnu)
    sqlite3 (2.9.6-x86_64-linux-musl)
    standard (1.57.0)
      language_server-protocol (~> 3.17.0.2)
      lint_roller (~> 1.0)
      rubocop (~> 1.91.0)
      standard-custom (~> 1.0.0)
      standard-performance (~> 1.8)
    standard-custom (1.0.2)
      lint_roller (~> 1.0)
      rubocop (~> 1.50)
    standard-performance (1.9.0)
      lint_roller (~> 1.1)
      rubocop-performance (~> 1.26.0)
    sys-uname (1.5.1)
      ffi (~> 1.1)
      memoist3 (~> 1.0.0)
    thor (1.5.0)
    timeout (0.6.1)
    tsort (0.2.0)
    tzinfo (2.0.6)
      concurrent-ruby (~> 1.0)
    unicode-display_width (3.3.0)
      unicode-emoji (~> 4.3)
    unicode-emoji (4.3.0)
    uri (1.1.1)
    yard (0.9.45)
    zeitwerk (2.8.3)

PLATFORMS
  aarch64-linux-gnu
  aarch64-linux-musl
  arm-linux-gnu
  arm-linux-musl
  arm64-darwin
  x86-linux-gnu
  x86-linux-musl
  x86_64-darwin
  x86_64-linux-gnu
  x86_64-linux-musl

DEPENDENCIES
  activerecord
  activerecord-jdbcsqlite3-adapter
  appraisal
  aruba
  factory_bot!
  ostruct
  rake
  rspec
  rspec-its
  simplecov
  sqlite3
  standard
  yard

CHECKSUMS
  activemodel (8.1.4) sha256=9a0906c127bd118aa5f06157db12b8f750da83dccee72db2f658547a0ae7a0e8
  activerecord (8.1.4) sha256=3b4957ea7f246c9231bd7faa909312eac03a9101aaf87977b6c52733ff00b04f
  activesupport (8.1.4) sha256=891dd3fe43c4fc8391934b237b1189bb1f661c932a84a840043db9d46a4e80df
  appraisal (2.5.0) sha256=36989221be127913b0dba8d114da2001e6b2dceea7bd4951200eaba764eed3ce
  aruba (2.4.1) sha256=c6821949136bd9c953b3cf553971c4780faa26bb40082ac5ce631c541e0caf0d
  ast (2.4.3) sha256=954615157c1d6a382bc27d690d973195e79db7f55e9765ac7c481c60bdb4d383
  base64 (0.3.0) sha256=27337aeabad6ffae05c265c450490628ef3ebd4b67be58257393227588f5a97b
  bigdecimal (4.1.3) sha256=61ebe1e5e559bdc3cc6f2c0ee7f427321fc838f59611c294356eb04d6e21cf66
  builder (3.3.0) sha256=497918d2f9dca528fdca4b88d84e4ef4387256d984b8154e9d5d3fe5a9c8835f
  concurrent-ruby (1.3.8) sha256=b2f1be836e968ccc78ccfce277ea79c72a88633f22306782c16ff23fb415d1e1
  connection_pool (3.0.2) sha256=33fff5ba71a12d2aa26cb72b1db8bba2a1a01823559fb01d29eb74c286e62e0a
  contracts (0.17.3) sha256=e72e626413ea47099becb7b5683beb1c2ea902c69f5bad55c9258fe2b48314d7
  cucumber (11.1.1) sha256=dedd44f4a14b50af798c13b50c3221afa41be8051f5fce666c37cd09f8564ec4
  cucumber-ci-environment (11.0.0) sha256=0df79a9e1d0b015b3d9def680f989200d96fef206f4d19ccf86a338c4f71d1e2
  cucumber-core (16.2.0) sha256=592b58a95cf42feef8e5a349f68e363784ba3b6568ffbcf6776e38e136cf970b
  cucumber-cucumber-expressions (19.0.1) sha256=648ec09045190d818fb797af46e1648148599fd67a086a34a7f0e647d9e36c8c
  cucumber-gherkin (39.1.0) sha256=aed12a0c955d8563d80a012633c1a72075525f4d64d4cc983001df2181b379ed
  cucumber-html-formatter (23.1.0) sha256=7789b4a792c876394b9604aeb66aa5cf4c61514473b7e712c76d5eaedcdd8cdf
  cucumber-messages (32.3.1) sha256=ddc88e4c1cf7afb96c06005b92a4a6f221a2fa435a8b4ca04677d215fd82771c
  cucumber-tag-expressions (8.1.0) sha256=9bd8c4b6654f8e5bf2a9c99329b6f32136a75e50cd39d4cfb3927d0fa9f52e21
  diff-lcs (1.6.2) sha256=9ae0d2cba7d4df3075fe8cd8602a8604993efc0dfa934cff568969efb1909962
  drb (2.2.3) sha256=0b00d6fdb50995fe4a45dea13663493c841112e4068656854646f418fda13373
  erb (6.0.7) sha256=c5ca6dc25b0ef974a44dc8f59fe847577122483b1968a38dec305c60bf91ee92
  factory_bot (6.6.0)
  ffi (1.17.4-aarch64-linux-gnu) sha256=b208f06f91ffd8f5e1193da3cae3d2ccfc27fc36fba577baf698d26d91c080df
  ffi (1.17.4-aarch64-linux-musl) sha256=9286b7a615f2676245283aef0a0a3b475ae3aae2bb5448baace630bb77b91f39
  ffi (1.17.4-arm-linux-gnu) sha256=d6dbddf7cb77bf955411af5f187a65b8cd378cb003c15c05697f5feee1cb1564
  ffi (1.17.4-arm-linux-musl) sha256=9d4838ded0465bef6e2426935f6bcc93134b6616785a84ffd2a3d82bc3cf6f95
  ffi (1.17.4-arm64-darwin) sha256=19071aaf1419251b0a46852abf960e77330a3b334d13a4ab51d58b31a937001b
  ffi (1.17.4-x86-linux-gnu) sha256=38e150df5f4ca555e25beca4090823ae09657bceded154e3c52f8631c1ed72cf
  ffi (1.17.4-x86-linux-musl) sha256=fbeec0fc7c795bcf86f623bb18d31ea1820f7bd580e1703a3d3740d527437809
  ffi (1.17.4-x86_64-darwin) sha256=aa70390523cf3235096cf64962b709b4cfbd5c082a2cb2ae714eb0fe2ccda496
  ffi (1.17.4-x86_64-linux-gnu) sha256=9d3db14c2eae074b382fa9c083fe95aec6e0a1451da249eab096c34002bc752d
  ffi (1.17.4-x86_64-linux-musl) sha256=3fdf9888483de005f8ef8d1cf2d3b20d86626af206cbf780f6a6a12439a9c49e
  i18n (1.15.2) sha256=00f9eb62412fe593b2a65a97daa75300d37abb8f7202ec748e94b6d46a9dd1b5
  io-console (0.9.4) sha256=a403304f32928ee85e56d457b4612ca43f2703b561a3258844992bd24085fbb1
  irb (1.18.0) sha256=de9454a0703a54704b9811a5ef31a60c86949fbf4013fcf244fabc7c775248e3
  json (3.0.2) sha256=8e6d7e7b11384c21230430cef90b71f14849a34a1f4452796670f7c981bd19df
  language_server-protocol (3.17.0.6) sha256=5ef2c0c138f8267e1bc631d3328347d354f96724b0af22f2c79516120443b7f0
  lint_roller (1.1.0) sha256=2c0c845b632a7d172cb849cc90c1bce937a28c5c8ccccb50dfd46a485003cc87
  logger (1.7.0) sha256=196edec7cc44b66cfb40f9755ce11b392f21f7967696af15d274dde7edff0203
  memoist3 (1.0.0) sha256=686e42402cf150a362050c23143dc57b0ef88f8c344943ff8b7845792b50d56f
  mini_mime (1.1.5) sha256=8681b7e2e4215f2a159f9400b5816d85e9d8c6c6b491e96a12797e798f8bccef
  minitest (6.0.6) sha256=153ea36d1d987a62942382b61075745042a2b3123b1cd48f4c3675af9cc7d6f1
  multi_test (1.1.0) sha256=e9e550cdd863fb72becfe344aefdcd4cbd26ebf307847f4a6c039a4082324d10
  ostruct (0.6.3) sha256=95a2ed4a4bd1d190784e666b47b2d3f078e4a9efda2fccf18f84ddc6538ed912
  parallel (2.3.0) sha256=f75a3e904101ce6a1ccb6b8dc800cbafd42166d83330192438dcf29395167a6f
  parser (3.3.12.0) sha256=21a6d7f755d5a24dfbdc6e6b772e4e879a52e7631a88bc5a3a134606052c9828
  pp (0.6.4) sha256=dfcb0fce700c41456265922884f9fe195d7fbb0674a3578e6c0f69588e82b570
  prettyprint (0.2.0) sha256=2bc9e15581a94742064a3cc8b0fb9d45aae3d03a1baa6ef80922627a0766f193
  prism (1.9.0) sha256=7b530c6a9f92c24300014919c9dcbc055bf4cdf51ec30aed099b06cd6674ef85
  racc (1.8.1) sha256=4a7f6929691dbec8b5209a0b373bc2614882b55fc5d2e447a21aaa691303d62f
  rainbow (3.1.1) sha256=039491aa3a89f42efa1d6dec2fc4e62ede96eb6acd95e52f1ad581182b79bc6a
  rake (13.4.2) sha256=cb825b2bd5f1f8e91ca37bddb4b9aaf345551b4731da62949be002fa89283701
  rbs (4.2.0) sha256=51f7b886dcc05bc09e10b901daa6a81829f6adc03101d6ca9ea4aac6103e0674
  rdoc (8.1.0) sha256=befc37880a5cfd36dcb176c748b5fd5ee39dd3536a75e81824e4972ce230f60a
  regexp_parser (2.13.1) sha256=5aedb6b7c35688f51e86eef17a15374dfd287c83f4ca644b2c5f3ec50a33b44b
  reline (0.7.0) sha256=5b012d8e55dbf9d450f12bde2cf7d15ff546ae80b3f8f3b30e570d431815583d
  rspec (3.13.2) sha256=206284a08ad798e61f86d7ca3e376718d52c0bc944626b2349266f239f820587
  rspec-core (3.13.6) sha256=a8823c6411667b60a8bca135364351dda34cd55e44ff94c4be4633b37d828b2d
  rspec-expectations (3.13.5) sha256=33a4d3a1d95060aea4c94e9f237030a8f9eae5615e9bd85718fe3a09e4b58836
  rspec-its (2.0.0) sha256=a88e8bc38149f2835e93533591ec4f5c829aacbfd41269a2e6f9f5b82f5260df
  rspec-mocks (3.13.8) sha256=086ad3d3d17533f4237643de0b5c42f04b66348c28bf6b9c2d3f4a3b01af1d47
  rspec-support (3.13.7) sha256=0640e5570872aafefd79867901deeeeb40b0c9875a36b983d85f54fb7381c47c
  rubocop (1.91.0) sha256=9c82b7bf391c5d7e3798c5b9996e22a1fe3bd7468e351dfdeb96140c058296d0
  rubocop-ast (1.50.0) sha256=b9ca88300da0803ee222ad20cdb30494c0a784eed06fdc35d254b06d662788db
  rubocop-performance (1.26.1) sha256=cd19b936ff196df85829d264b522fd4f98b6c89ad271fa52744a8c11b8f71834
  ruby-progressbar (1.13.0) sha256=80fc9c47a9b640d6834e0dc7b3c94c9df37f08cb072b7761e4a71e22cff29b33
  securerandom (0.4.1) sha256=cc5193d414a4341b6e225f0cb4446aceca8e50d5e1888743fac16987638ea0b1
  simplecov (1.3.2) sha256=2a22ec1759f1b8db60881a2e038758956fc69ef93ed669be0bde0678de6d0e85
  sqlite3 (2.9.6-aarch64-linux-gnu) sha256=d8b1f7d23efd7abac285775a9566562fc7debfef79d594e3a20354406fb7907c
  sqlite3 (2.9.6-aarch64-linux-musl) sha256=3579e1c98cdc7ff5c3722847bb63ed4e1efb7ff675cb5e1e48ef2d4da5fb3bc9
  sqlite3 (2.9.6-arm-linux-gnu) sha256=33541500e3615da02afe54a9cc38b17a6985d3cf9d8b76d6d0a83002f114e7ec
  sqlite3 (2.9.6-arm-linux-musl) sha256=c5490af48bb228fefa54314e9541375c3907e70f8109f3881b5ff97e1c93ae33
  sqlite3 (2.9.6-arm64-darwin) sha256=849b5d7f795e60fe25076d62c72dd722beb45b3850b516ad978d60ee848ec15b
  sqlite3 (2.9.6-x86-linux-gnu) sha256=fbaa9f46f9708f57dd8a459b37fc269f9613e0cacf1547df01aa439cc45c20c0
  sqlite3 (2.9.6-x86-linux-musl) sha256=6715026fbb5530e810b28ef43b9c4f84cd3c991f67b9d808a31fcc32b847abbd
  sqlite3 (2.9.6-x86_64-darwin) sha256=b5842fea77781c14da03fa7bc0feb82db03a69e135affcb6f5399cbd2797a5f3
  sqlite3 (2.9.6-x86_64-linux-gnu) sha256=613188ce02f614126ddbc38c5e217ccffd6306d0dcd9adca9764547aa890a634
  sqlite3 (2.9.6-x86_64-linux-musl) sha256=d493b11818a3573387a1d56e1ee8fa00da23a683a7a1cc063e7a0feeed843abf
  standard (1.57.0) sha256=4a65ea92421fbaf77fb54da91e16093cf79b335b8f62c35aaa3dd714c8592858
  standard-custom (1.0.2) sha256=424adc84179a074f1a2a309bb9cf7cd6bfdb2b6541f20c6bf9436c0ba22a652b
  standard-performance (1.9.0) sha256=49483d31be448292951d80e5e67cdcb576c2502103c7b40aec6f1b6e9c88e3f2
  sys-uname (1.5.1) sha256=784d7e6491b0393c25cbbe5ac38324ac7be9fda083a6094832648af669386d7b
  thor (1.5.0) sha256=e3a9e55fe857e44859ce104a84675ab6e8cd59c650a49106a05f55f136425e73
  timeout (0.6.1) sha256=78f57368a7e7bbadec56971f78a3f5ecbcfb59b7fcbb0a3ed6ddc08a5094accb
  tsort (0.2.0) sha256=9650a793f6859a43b6641671278f79cfead60ac714148aabe4e3f0060480089f
  tzinfo (2.0.6) sha256=8daf828cc77bcf7d63b0e3bdb6caa47e2272dcfaf4fbfe46f8c3a9df087a829b
  unicode-display_width (3.3.0) sha256=4b7aa66a4b11db50f6f7e98411215cd0dd10eaecb665d36eec5bcacb3fa0b613
  unicode-emoji (4.3.0) sha256=11c02fa73290378c066bb0562cd4c87d8e1b706fbbe0059ca12746a4244de8ce
  uri (1.1.1) sha256=379fa58d27ffb1387eaada68c749d1426738bd0f654d812fcc07e7568f5c57c6
  yard (0.9.45) sha256=52e211493f7cb8a3ebf7e104a25a1e73937a3103092545d34cb88fafebb3dc51
  zeitwerk (2.8.3) sha256=2c85125a8467ce069e20123d1e709a08955c9d29c118c25b46b7b7fafdbb92e5

BUNDLED WITH
  4.0.7
